
Microsoft Visual Studio Solution File, Format Version 12.00
# Visual Studio 2013
VisualStudioVersion = 12.0.21005.1
MinimumVisualStudioVersion = 10.0.40219.1
Project("{FAE04EC0-301F-11D3-BF4B-00C04F79EFBC}") = "ABBYYTest", "ABBYYTest\ABBYYTest.csproj", "{B1DBA101-B37F-4173-9266-8F76F46EB690}"
EndProject
Project("{2150E333-8FDC-42A3-9474-1A3956D46DE8}") = ".nuget", ".nuget", "{DA19E59D-CB7D-4BAA-AC52-9CC218EE2ABC}"
	ProjectSection(SolutionItems) = preProject
		.nuget\packages.config = .nuget\packages.config
	EndProjectSection
EndProject
Project("{FAE04EC0-301F-11D3-BF4B-00C04F79EFBC}") = "ABBYYTest.UnitTests", "ABBYYTest.UnitTests\ABBYYTest.UnitTests.csproj", "{62A0CA44-2127-4818-ADEE-C163B4C51243}"
EndProject
Global
	GlobalSection(SolutionConfigurationPlatforms) = preSolution
		Debug|Any CPU = Debug|Any CPU
		Release|Any CPU = Release|Any CPU
	EndGlobalSection
	GlobalSection(ProjectConfigurationPlatforms) = postSolution
		{B1DBA101-B37F-4173-9266-8F76F46EB690}.Debug|Any CPU.ActiveCfg = Debug|Any CPU
		{B1DBA101-B37F-4173-9266-8F76F46EB690}.Debug|Any CPU.Build.0 = Debug|Any CPU
		{B1DBA101-B37F-4173-9266-8F76F46EB690}.Release|Any CPU.ActiveCfg = Release|Any CPU
		{B1DBA101-B37F-4173-9266-8F76F46EB690}.Release|Any CPU.Build.0 = Release|Any CPU
		{62A0CA44-2127-4818-ADEE-C163B4C51243}.Debug|Any CPU.ActiveCfg = Debug|Any CPU
		{62A0CA44-2127-4818-ADEE-C163B4C51243}.Debug|Any CPU.Build.0 = Debug|Any CPU
		{62A0CA44-2127-4818-ADEE-C163B4C51243}.Release|Any CPU.ActiveCfg = Release|Any CPU
		{62A0CA44-2127-4818-ADEE-C163B4C51243}.Release|Any CPU.Build.0 = Release|Any CPU
	EndGlobalSection
	GlobalSection(SolutionProperties) = preSolution
		HideSolutionNode = FALSE
	EndGlobalSection
EndGlobal
